
Microsoft Visual Studio Solution File, Format Version 12.00
# Visual Studio Version 17
VisualStudioVersion = 17.7.34003.232
MinimumVisualStudioVersion = 10.0.40219.1
Project("{FAE04EC0-301F-11D3-BF4B-00C04F79EFBC}") = "WhatsWebsite_SignalR", "WhatsWebsite_SignalR\WhatsWebsite_SignalR.csproj", "{74D99D35-4FF0-4FB4-AF10-3BE8F49A7049}"
EndProject
Global
	GlobalSection(SolutionConfigurationPlatforms) = preSolution
		Debug|Any CPU = Debug|Any CPU
		Release|Any CPU = Release|Any CPU
	EndGlobalSection
	GlobalSection(ProjectConfigurationPlatforms) = postSolution
		{74D99D35-4FF0-4FB4-AF10-3BE8F49A7049}.Debug|Any CPU.ActiveCfg = Debug|Any CPU
		{74D99D35-4FF0-4FB4-AF10-3BE8F49A7049}.Debug|Any CPU.Build.0 = Debug|Any CPU
		{74D99D35-4FF0-4FB4-AF10-3BE8F49A7049}.Release|Any CPU.ActiveCfg = Release|Any CPU
		{74D99D35-4FF0-4FB4-AF10-3BE8F49A7049}.Release|Any CPU.Build.0 = Release|Any CPU
	EndGlobalSection
	GlobalSection(SolutionProperties) = preSolution
		HideSolutionNode = FALSE
	EndGlobalSection
	GlobalSection(ExtensibilityGlobals) = postSolution
		SolutionGuid = {6688FA02-F168-49C4-9A12-2FCB6E220B4A}
	EndGlobalSection
EndGlobal
